
Microsoft Visual Studio Solution File, Format Version 12.00
# Visual Studio Version 17
VisualStudioVersion = 17.9.34902.65
MinimumVisualStudioVersion = 10.0.40219.1
Project("{2150E333-8FDC-42A3-9474-1A3956D46DE8}") = "Task0", "Task0", "{8CF70905-D37F-41F8-BEE2-4DB876EC4FB2}"
EndProject
Project("{9A19103F-16F7-4668-BE54-9A1E7A4F7556}") = "Tyuiu.MengAV.Sprint1.Task0.V8", "Tyuiu.MengAV.Sprint1.Task0.V8\Tyuiu.MengAV.Sprint1.Task0.V8.csproj", "{1AE9C368-D712-4C7D-AA77-3FD35E460A70}"
EndProject
Project("{9A19103F-16F7-4668-BE54-9A1E7A4F7556}") = "Tyuiu.MengAV.Sprint1.Task0.V8.Lib", "Tyuiu.MengAV.Sprint1.Task0.V8.Lib\Tyuiu.MengAV.Sprint1.Task0.V8.Lib.csproj", "{E6595428-8DDF-40EC-8DF3-DDC067980E81}"
EndProject
Project("{9A19103F-16F7-4668-BE54-9A1E7A4F7556}") = "Tyuiu.MengAV.Sprint1.Task0.V8.Test", "Tyuiu.MengAV.Sprint1.Task0.V8.Test\Tyuiu.MengAV.Sprint1.Task0.V8.Test.csproj", "{9CA17114-3ACF-4B5F-8AB8-FE4F72F7CAA2}"
EndProject
Project("{FAE04EC0-301F-11D3-BF4B-00C04F79EFBC}") = "tyuiu.cources.programming.interfaces", "tyuiu.cources.programming.interfaces\tyuiu.cources.programming.interfaces.csproj", "{26A4FCBB-00EA-4CA1-997F-0C46B098BD99}"
EndProject
Global
	GlobalSection(SolutionConfigurationPlatforms) = preSolution
		Debug|Any CPU = Debug|Any CPU
		Release|Any CPU = Release|Any CPU
	EndGlobalSection
	GlobalSection(ProjectConfigurationPlatforms) = postSolution
		{1AE9C368-D712-4C7D-AA77-3FD35E460A70}.Debug|Any CPU.ActiveCfg = Debug|Any CPU
		{1AE9C368-D712-4C7D-AA77-3FD35E460A70}.Debug|Any CPU.Build.0 = Debug|Any CPU
		{1AE9C368-D712-4C7D-AA77-3FD35E460A70}.Release|Any CPU.ActiveCfg = Release|Any CPU
		{1AE9C368-D712-4C7D-AA77-3FD35E460A70}.Release|Any CPU.Build.0 = Release|Any CPU
		{E6595428-8DDF-40EC-8DF3-DDC067980E81}.Debug|Any CPU.ActiveCfg = Debug|Any CPU
		{E6595428-8DDF-40EC-8DF3-DDC067980E81}.Debug|Any CPU.Build.0 = Debug|Any CPU
		{E6595428-8DDF-40EC-8DF3-DDC067980E81}.Release|Any CPU.ActiveCfg = Release|Any CPU
		{E6595428-8DDF-40EC-8DF3-DDC067980E81}.Release|Any CPU.Build.0 = Release|Any CPU
		{9CA17114-3ACF-4B5F-8AB8-FE4F72F7CAA2}.Debug|Any CPU.ActiveCfg = Debug|Any CPU
		{9CA17114-3ACF-4B5F-8AB8-FE4F72F7CAA2}.Debug|Any CPU.Build.0 = Debug|Any CPU
		{9CA17114-3ACF-4B5F-8AB8-FE4F72F7CAA2}.Release|Any CPU.ActiveCfg = Release|Any CPU
		{9CA17114-3ACF-4B5F-8AB8-FE4F72F7CAA2}.Release|Any CPU.Build.0 = Release|Any CPU
		{26A4FCBB-00EA-4CA1-997F-0C46B098BD99}.Debug|Any CPU.ActiveCfg = Debug|Any CPU
		{26A4FCBB-00EA-4CA1-997F-0C46B098BD99}.Debug|Any CPU.Build.0 = Debug|Any CPU
		{26A4FCBB-00EA-4CA1-997F-0C46B098BD99}.Release|Any CPU.ActiveCfg = Release|Any CPU
		{26A4FCBB-00EA-4CA1-997F-0C46B098BD99}.Release|Any CPU.Build.0 = Release|Any CPU
	EndGlobalSection
	GlobalSection(SolutionProperties) = preSolution
		HideSolutionNode = FALSE
	EndGlobalSection
	GlobalSection(NestedProjects) = preSolution
		{1AE9C368-D712-4C7D-AA77-3FD35E460A70} = {8CF70905-D37F-41F8-BEE2-4DB876EC4FB2}
		{E6595428-8DDF-40EC-8DF3-DDC067980E81} = {8CF70905-D37F-41F8-BEE2-4DB876EC4FB2}
		{9CA17114-3ACF-4B5F-8AB8-FE4F72F7CAA2} = {8CF70905-D37F-41F8-BEE2-4DB876EC4FB2}
		{26A4FCBB-00EA-4CA1-997F-0C46B098BD99} = {8CF70905-D37F-41F8-BEE2-4DB876EC4FB2}
	EndGlobalSection
	GlobalSection(ExtensibilityGlobals) = postSolution
		SolutionGuid = {5F7F115D-A460-4D56-BE81-95DDD8377929}
	EndGlobalSection
EndGlobal
