
Microsoft Visual Studio Solution File, Format Version 12.00
# Visual Studio Version 17
VisualStudioVersion = 17.9.34902.65
MinimumVisualStudioVersion = 10.0.40219.1
Project("{2150E333-8FDC-42A3-9474-1A3956D46DE8}") = "Task0", "Task0", "{8CF70905-D37F-41F8-BEE2-4DB876EC4FB2}"
EndProject
Project("{9A19103F-16F7-4668-BE54-9A1E7A4F7556}") = "Tyuiu.MengAV.Sprint1.Task0.V8", "Tyuiu.MengAV.Sprint1.Task0.V8\Tyuiu.MengAV.Sprint1.Task0.V8.csproj", "{1AE9C368-D712-4C7D-AA77-3FD35E460A70}"
EndProject
Project("{9A19103F-16F7-4668-BE54-9A1E7A4F7556}") = "Tyuiu.MengAV.Sprint1.Task0.V8.Lib", "Tyuiu.MengAV.Sprint1.Task0.V8.Lib\Tyuiu.MengAV.Sprint1.Task0.V8.Lib.csproj", "{E6595428-8DDF-40EC-8DF3-DDC067980E81}"
EndProject
Project("{9A19103F-16F7-4668-BE54-9A1E7A4F7556}") = "Tyuiu.MengAV.Sprint1.Task0.V8.Test", "Tyuiu.MengAV.Sprint1.Task0.V8.Test\Tyuiu.MengAV.Sprint1.Task0.V8.Test.csproj", "{9CA17114-3ACF-4B5F-8AB8-FE4F72F7CAA2}"
EndProject
Project("{FAE04EC0-301F-11D3-BF4B-00C04F79EFBC}") = "tyuiu.cources.programming.interfaces", "tyuiu.cources.programming.interfaces\tyuiu.cources.programming.interfaces.csproj", "{26A4FCBB-00EA-4CA1-997F-0C46B098BD99}"
EndProject
Project("{2150E333-8FDC-42A3-9474-1A3956D46DE8}") = "Task1", "Task1", "{A540E66A-8075-404E-A12C-5FAC63C9C5CB}"
EndProject
Project("{FAE04EC0-301F-11D3-BF4B-00C04F79EFBC}") = "Tyuiu.MengAV.Sprint1.Task1.V21", "Tyuiu.MengAV.Sprint1.Task1.V21\Tyuiu.MengAV.Sprint1.Task1.V21.csproj", "{29C5E297-71AC-4B24-91A5-16C18CF69ED0}"
EndProject
Project("{FAE04EC0-301F-11D3-BF4B-00C04F79EFBC}") = "Tyuiu.MengAV.Sprint1.Task1.V21.Test", "Tyuiu.MengAV.Sprint1.Task1.V21.Test\Tyuiu.MengAV.Sprint1.Task1.V21.Test.csproj", "{F532557F-5DEE-4923-8550-865A742A62FA}"
EndProject
Project("{FAE04EC0-301F-11D3-BF4B-00C04F79EFBC}") = "Tyuiu.MengAV.Sprint1.Task1.V21.Lib", "Tyuiu.MengAV.Sprint1.Task1.V21.Lib\Tyuiu.MengAV.Sprint1.Task1.V21.Lib.csproj", "{2ECEDC85-D285-428B-B012-E6D9F00B734E}"
EndProject
Project("{2150E333-8FDC-42A3-9474-1A3956D46DE8}") = "Task2", "Task2", "{58B27851-98C2-4A2A-BF5F-2C29FDAE3E84}"
EndProject
Project("{FAE04EC0-301F-11D3-BF4B-00C04F79EFBC}") = "Tyuiu.MengAV.Sprint1.Task2.V24", "Tyuiu.MengAV.Sprint1.Task2.V24\Tyuiu.MengAV.Sprint1.Task2.V24.csproj", "{A36E2DA1-7361-4381-B05F-15254E841A68}"
EndProject
Project("{FAE04EC0-301F-11D3-BF4B-00C04F79EFBC}") = "Tyuiu.MengAV.Sprint1.Task2.V24.Lib", "Tyuiu.MengAV.Sprint1.Task2.V24.Lib\Tyuiu.MengAV.Sprint1.Task2.V24.Lib.csproj", "{A29E1102-493B-4D53-B87D-6F577A5CE116}"
EndProject
Project("{FAE04EC0-301F-11D3-BF4B-00C04F79EFBC}") = "Tyuiu.MengAV.Sprint1.Task2.V24.Test", "Tyuiu.MengAV.Sprint1.Task2.V24.Test\Tyuiu.MengAV.Sprint1.Task2.V24.Test.csproj", "{AAEAD2A8-33BE-418D-8E6D-4AC83C1F71ED}"
EndProject
Global
	GlobalSection(SolutionConfigurationPlatforms) = preSolution
		Debug|Any CPU = Debug|Any CPU
		Release|Any CPU = Release|Any CPU
	EndGlobalSection
	GlobalSection(ProjectConfigurationPlatforms) = postSolution
		{1AE9C368-D712-4C7D-AA77-3FD35E460A70}.Debug|Any CPU.ActiveCfg = Debug|Any CPU
		{1AE9C368-D712-4C7D-AA77-3FD35E460A70}.Debug|Any CPU.Build.0 = Debug|Any CPU
		{1AE9C368-D712-4C7D-AA77-3FD35E460A70}.Release|Any CPU.ActiveCfg = Release|Any CPU
		{1AE9C368-D712-4C7D-AA77-3FD35E460A70}.Release|Any CPU.Build.0 = Release|Any CPU
		{E6595428-8DDF-40EC-8DF3-DDC067980E81}.Debug|Any CPU.ActiveCfg = Debug|Any CPU
		{E6595428-8DDF-40EC-8DF3-DDC067980E81}.Debug|Any CPU.Build.0 = Debug|Any CPU
		{E6595428-8DDF-40EC-8DF3-DDC067980E81}.Release|Any CPU.ActiveCfg = Release|Any CPU
		{E6595428-8DDF-40EC-8DF3-DDC067980E81}.Release|Any CPU.Build.0 = Release|Any CPU
		{9CA17114-3ACF-4B5F-8AB8-FE4F72F7CAA2}.Debug|Any CPU.ActiveCfg = Debug|Any CPU
		{9CA17114-3ACF-4B5F-8AB8-FE4F72F7CAA2}.Debug|Any CPU.Build.0 = Debug|Any CPU
		{9CA17114-3ACF-4B5F-8AB8-FE4F72F7CAA2}.Release|Any CPU.ActiveCfg = Release|Any CPU
		{9CA17114-3ACF-4B5F-8AB8-FE4F72F7CAA2}.Release|Any CPU.Build.0 = Release|Any CPU
		{26A4FCBB-00EA-4CA1-997F-0C46B098BD99}.Debug|Any CPU.ActiveCfg = Debug|Any CPU
		{26A4FCBB-00EA-4CA1-997F-0C46B098BD99}.Debug|Any CPU.Build.0 = Debug|Any CPU
		{26A4FCBB-00EA-4CA1-997F-0C46B098BD99}.Release|Any CPU.ActiveCfg = Release|Any CPU
		{26A4FCBB-00EA-4CA1-997F-0C46B098BD99}.Release|Any CPU.Build.0 = Release|Any CPU
		{29C5E297-71AC-4B24-91A5-16C18CF69ED0}.Debug|Any CPU.ActiveCfg = Debug|Any CPU
		{29C5E297-71AC-4B24-91A5-16C18CF69ED0}.Debug|Any CPU.Build.0 = Debug|Any CPU
		{29C5E297-71AC-4B24-91A5-16C18CF69ED0}.Release|Any CPU.ActiveCfg = Release|Any CPU
		{29C5E297-71AC-4B24-91A5-16C18CF69ED0}.Release|Any CPU.Build.0 = Release|Any CPU
		{F532557F-5DEE-4923-8550-865A742A62FA}.Debug|Any CPU.ActiveCfg = Debug|Any CPU
		{F532557F-5DEE-4923-8550-865A742A62FA}.Debug|Any CPU.Build.0 = Debug|Any CPU
		{F532557F-5DEE-4923-8550-865A742A62FA}.Release|Any CPU.ActiveCfg = Release|Any CPU
		{F532557F-5DEE-4923-8550-865A742A62FA}.Release|Any CPU.Build.0 = Release|Any CPU
		{2ECEDC85-D285-428B-B012-E6D9F00B734E}.Debug|Any CPU.ActiveCfg = Debug|Any CPU
		{2ECEDC85-D285-428B-B012-E6D9F00B734E}.Debug|Any CPU.Build.0 = Debug|Any CPU
		{2ECEDC85-D285-428B-B012-E6D9F00B734E}.Release|Any CPU.ActiveCfg = Release|Any CPU
		{2ECEDC85-D285-428B-B012-E6D9F00B734E}.Release|Any CPU.Build.0 = Release|Any CPU
		{A36E2DA1-7361-4381-B05F-15254E841A68}.Debug|Any CPU.ActiveCfg = Debug|Any CPU
		{A36E2DA1-7361-4381-B05F-15254E841A68}.Debug|Any CPU.Build.0 = Debug|Any CPU
		{A36E2DA1-7361-4381-B05F-15254E841A68}.Release|Any CPU.ActiveCfg = Release|Any CPU
		{A36E2DA1-7361-4381-B05F-15254E841A68}.Release|Any CPU.Build.0 = Release|Any CPU
		{A29E1102-493B-4D53-B87D-6F577A5CE116}.Debug|Any CPU.ActiveCfg = Debug|Any CPU
		{A29E1102-493B-4D53-B87D-6F577A5CE116}.Debug|Any CPU.Build.0 = Debug|Any CPU
		{A29E1102-493B-4D53-B87D-6F577A5CE116}.Release|Any CPU.ActiveCfg = Release|Any CPU
		{A29E1102-493B-4D53-B87D-6F577A5CE116}.Release|Any CPU.Build.0 = Release|Any CPU
		{AAEAD2A8-33BE-418D-8E6D-4AC83C1F71ED}.Debug|Any CPU.ActiveCfg = Debug|Any CPU
		{AAEAD2A8-33BE-418D-8E6D-4AC83C1F71ED}.Debug|Any CPU.Build.0 = Debug|Any CPU
		{AAEAD2A8-33BE-418D-8E6D-4AC83C1F71ED}.Release|Any CPU.ActiveCfg = Release|Any CPU
		{AAEAD2A8-33BE-418D-8E6D-4AC83C1F71ED}.Release|Any CPU.Build.0 = Release|Any CPU
	EndGlobalSection
	GlobalSection(SolutionProperties) = preSolution
		HideSolutionNode = FALSE
	EndGlobalSection
	GlobalSection(NestedProjects) = preSolution
		{1AE9C368-D712-4C7D-AA77-3FD35E460A70} = {8CF70905-D37F-41F8-BEE2-4DB876EC4FB2}
		{E6595428-8DDF-40EC-8DF3-DDC067980E81} = {8CF70905-D37F-41F8-BEE2-4DB876EC4FB2}
		{9CA17114-3ACF-4B5F-8AB8-FE4F72F7CAA2} = {8CF70905-D37F-41F8-BEE2-4DB876EC4FB2}
		{26A4FCBB-00EA-4CA1-997F-0C46B098BD99} = {8CF70905-D37F-41F8-BEE2-4DB876EC4FB2}
		{29C5E297-71AC-4B24-91A5-16C18CF69ED0} = {A540E66A-8075-404E-A12C-5FAC63C9C5CB}
		{F532557F-5DEE-4923-8550-865A742A62FA} = {A540E66A-8075-404E-A12C-5FAC63C9C5CB}
		{2ECEDC85-D285-428B-B012-E6D9F00B734E} = {A540E66A-8075-404E-A12C-5FAC63C9C5CB}
		{A36E2DA1-7361-4381-B05F-15254E841A68} = {58B27851-98C2-4A2A-BF5F-2C29FDAE3E84}
		{A29E1102-493B-4D53-B87D-6F577A5CE116} = {58B27851-98C2-4A2A-BF5F-2C29FDAE3E84}
		{AAEAD2A8-33BE-418D-8E6D-4AC83C1F71ED} = {58B27851-98C2-4A2A-BF5F-2C29FDAE3E84}
	EndGlobalSection
	GlobalSection(ExtensibilityGlobals) = postSolution
		SolutionGuid = {5F7F115D-A460-4D56-BE81-95DDD8377929}
	EndGlobalSection
EndGlobal
